
Microsoft Visual Studio Solution File, Format Version 12.00
# Visual Studio Version 16
VisualStudioVersion = 16.0.32228.343
MinimumVisualStudioVersion = 10.0.40219.1
Project("{8BC9CEB8-8B4A-11D0-8D11-00A0C91BC942}") = "ComboExDemo", "ComboExDemo\ComboExDemo.vcxproj", "{529C4D7E-9888-4C06-9A8E-2B816717703D}"
EndProject
Global
	GlobalSection(SolutionConfigurationPlatforms) = preSolution
		Debug|Win32 = Debug|Win32
		Release|Win32 = Release|Win32
	EndGlobalSection
	GlobalSection(ProjectConfigurationPlatforms) = postSolution
		{529C4D7E-9888-4C06-9A8E-2B816717703D}.Debug|Win32.ActiveCfg = Debug|Win32
		{529C4D7E-9888-4C06-9A8E-2B816717703D}.Debug|Win32.Build.0 = Debug|Win32
		{529C4D7E-9888-4C06-9A8E-2B816717703D}.Release|Win32.ActiveCfg = Release|Win32
		{529C4D7E-9888-4C06-9A8E-2B816717703D}.Release|Win32.Build.0 = Release|Win32
	EndGlobalSection
	GlobalSection(SolutionProperties) = preSolution
		HideSolutionNode = FALSE
	EndGlobalSection
	GlobalSection(ExtensibilityGlobals) = postSolution
		SolutionGuid = {1C357854-1C0B-4266-B4E4-E4953FA2947F}
	EndGlobalSection
EndGlobal
