
Microsoft Visual Studio Solution File, Format Version 12.00
# Visual Studio Version 16
VisualStudioVersion = 16.0.32228.343
MinimumVisualStudioVersion = 10.0.40219.1
Project("{8BC9CEB8-8B4A-11D0-8D11-00A0C91BC942}") = "step5", "step5.vcxproj", "{01EE9EBC-6C03-4134-927F-A366B0C9DF6A}"
EndProject
Global
	GlobalSection(SolutionConfigurationPlatforms) = preSolution
		Debug|x64 = Debug|x64
		Debug|x86 = Debug|x86
		Release|x64 = Release|x64
		Release|x86 = Release|x86
	EndGlobalSection
	GlobalSection(ProjectConfigurationPlatforms) = postSolution
		{01EE9EBC-6C03-4134-927F-A366B0C9DF6A}.Debug|x64.ActiveCfg = Debug|x64
		{01EE9EBC-6C03-4134-927F-A366B0C9DF6A}.Debug|x64.Build.0 = Debug|x64
		{01EE9EBC-6C03-4134-927F-A366B0C9DF6A}.Debug|x86.ActiveCfg = Debug|Win32
		{01EE9EBC-6C03-4134-927F-A366B0C9DF6A}.Debug|x86.Build.0 = Debug|Win32
		{01EE9EBC-6C03-4134-927F-A366B0C9DF6A}.Release|x64.ActiveCfg = Release|x64
		{01EE9EBC-6C03-4134-927F-A366B0C9DF6A}.Release|x64.Build.0 = Release|x64
		{01EE9EBC-6C03-4134-927F-A366B0C9DF6A}.Release|x86.ActiveCfg = Release|Win32
		{01EE9EBC-6C03-4134-927F-A366B0C9DF6A}.Release|x86.Build.0 = Release|Win32
	EndGlobalSection
	GlobalSection(SolutionProperties) = preSolution
		HideSolutionNode = FALSE
	EndGlobalSection
	GlobalSection(ExtensibilityGlobals) = postSolution
		SolutionGuid = {ECA5A0B2-FC09-4673-8794-155CDEAB2525}
	EndGlobalSection
EndGlobal
